
Microsoft Visual Studio Solution File, Format Version 12.00
# Visual Studio Version 17
VisualStudioVersion = 17.8.34525.116
MinimumVisualStudioVersion = 10.0.40219.1
Project("{FAE04EC0-301F-11D3-BF4B-00C04F79EFBC}") = "Minda_Iulia_Proiect", "Minda_Iulia_Proiect\Minda_Iulia_Proiect.csproj", "{7631ED06-AFFC-4F2C-A4D8-B5B340911236}"
EndProject
Global
	GlobalSection(SolutionConfigurationPlatforms) = preSolution
		Debug|Any CPU = Debug|Any CPU
		Release|Any CPU = Release|Any CPU
	EndGlobalSection
	GlobalSection(ProjectConfigurationPlatforms) = postSolution
		{7631ED06-AFFC-4F2C-A4D8-B5B340911236}.Debug|Any CPU.ActiveCfg = Debug|Any CPU
		{7631ED06-AFFC-4F2C-A4D8-B5B340911236}.Debug|Any CPU.Build.0 = Debug|Any CPU
		{7631ED06-AFFC-4F2C-A4D8-B5B340911236}.Release|Any CPU.ActiveCfg = Release|Any CPU
		{7631ED06-AFFC-4F2C-A4D8-B5B340911236}.Release|Any CPU.Build.0 = Release|Any CPU
	EndGlobalSection
	GlobalSection(SolutionProperties) = preSolution
		HideSolutionNode = FALSE
	EndGlobalSection
	GlobalSection(ExtensibilityGlobals) = postSolution
		SolutionGuid = {84930612-A69E-4902-8964-E46ACCF41E20}
	EndGlobalSection
EndGlobal
